// !$*UTF8*$!
{
	archiveVersion = 1;
	classes = {
	};
	objectVersion = 56;
	objects = {

/* Begin PBXBuildFile section */
		4C6745402D1092B0007F23C2 /* WeatherDemoApp.swift in Sources */ = {isa = PBXBuildFile; fileRef = 4C67453F2D1092B0007F23C2 /* WeatherDemoApp.swift */; };
		4C6745422D1092B0007F23C2 /* ContentView.swift in Sources */ = {isa = PBXBuildFile; fileRef = 4C6745412D1092B0007F23C2 /* ContentView.swift */; };
		4C6745442D1092B1007F23C2 /* Assets.xcassets in Resources */ = {isa = PBXBuildFile; fileRef = 4C6745432D1092B1007F23C2 /* Assets.xcassets */; };
		4C6745472D1092B1007F23C2 /* Preview Assets.xcassets in Resources */ = {isa = PBXBuildFile; fileRef = 4C6745462D1092B1007F23C2 /* Preview Assets.xcassets */; };
		4C6745492D1092B1007F23C2 /* Persistence.swift in Sources */ = {isa = PBXBuildFile; fileRef = 4C6745482D1092B1007F23C2 /* Persistence.swift */; };
		4C67454C2D1092B1007F23C2 /* WeatherDemo.xcdatamodeld in Sources */ = {isa = PBXBuildFile; fileRef = 4C67454A2D1092B1007F23C2 /* WeatherDemo.xcdatamodeld */; };
		4C6745542D109E51007F23C2 /* WeatherViewController.swift in Sources */ = {isa = PBXBuildFile; fileRef = 4C6745532D109E51007F23C2 /* WeatherViewController.swift */; };
		4C6745562D10A1A2007F23C2 /* WeatherView.swift in Sources */ = {isa = PBXBuildFile; fileRef = 4C6745552D10A1A2007F23C2 /* WeatherView.swift */; };
		4C6745582D10A2D2007F23C2 /* LocationManager.swift in Sources */ = {isa = PBXBuildFile; fileRef = 4C6745572D10A2D2007F23C2 /* LocationManager.swift */; };
		4C67455C2D10A7EB007F23C2 /* WeatherForecast.swift in Sources */ = {isa = PBXBuildFile; fileRef = 4C67455B2D10A7EB007F23C2 /* WeatherForecast.swift */; };
		4C67455E2D10AFD5007F23C2 /* WeatherViewModel.swift in Sources */ = {isa = PBXBuildFile; fileRef = 4C67455D2D10AFD5007F23C2 /* WeatherViewModel.swift */; };
		4CE0C8042D10D45C00A8BEF2 /* ExtendedForecast.swift in Sources */ = {isa = PBXBuildFile; fileRef = 4CE0C8032D10D45C00A8BEF2 /* ExtendedForecast.swift */; };
		4CE0C8072D11E2D300A8BEF2 /* Card.swift in Sources */ = {isa = PBXBuildFile; fileRef = 4CE0C8062D11E2D300A8BEF2 /* Card.swift */; };
		4CE0C8092D11E31200A8BEF2 /* CardView.swift in Sources */ = {isa = PBXBuildFile; fileRef = 4CE0C8082D11E31200A8BEF2 /* CardView.swift */; };
		4CE0C80B2D12193500A8BEF2 /* Header.swift in Sources */ = {isa = PBXBuildFile; fileRef = 4CE0C80A2D12193500A8BEF2 /* Header.swift */; };
		4CE0C80D2D12816E00A8BEF2 /* HeaderView.swift in Sources */ = {isa = PBXBuildFile; fileRef = 4CE0C80C2D12816E00A8BEF2 /* HeaderView.swift */; };
		4CE0C80F2D130BBE00A8BEF2 /* UIBlurView.swift in Sources */ = {isa = PBXBuildFile; fileRef = 4CE0C80E2D130BBE00A8BEF2 /* UIBlurView.swift */; };
		4CE0C8112D13191B00A8BEF2 /* MessageCardView.swift in Sources */ = {isa = PBXBuildFile; fileRef = 4CE0C8102D13191B00A8BEF2 /* MessageCardView.swift */; };
		4CE0C8132D13194C00A8BEF2 /* MessageCard.swift in Sources */ = {isa = PBXBuildFile; fileRef = 4CE0C8122D13194C00A8BEF2 /* MessageCard.swift */; };
/* End PBXBuildFile section */

/* Begin PBXFileReference section */
		3F1BBCD1838700C698B53B3B /* Pods-WeatherDemo.debug.xcconfig */ = {isa = PBXFileReference; includeInIndex = 1; lastKnownFileType = text.xcconfig; name = "Pods-WeatherDemo.debug.xcconfig"; path = "Target Support Files/Pods-WeatherDemo/Pods-WeatherDemo.debug.xcconfig"; sourceTree = "<group>"; };
		4C67453C2D1092B0007F23C2 /* WeatherDemo.app */ = {isa = PBXFileReference; explicitFileType = wrapper.application; includeInIndex = 0; path = WeatherDemo.app; sourceTree = BUILT_PRODUCTS_DIR; };
		4C67453F2D1092B0007F23C2 /* WeatherDemoApp.swift */ = {isa = PBXFileReference; lastKnownFileType = sourcecode.swift; path = WeatherDemoApp.swift; sourceTree = "<group>"; };
		4C6745412D1092B0007F23C2 /* ContentView.swift */ = {isa = PBXFileReference; lastKnownFileType = sourcecode.swift; path = ContentView.swift; sourceTree = "<group>"; };
		4C6745432D1092B1007F23C2 /* Assets.xcassets */ = {isa = PBXFileReference; lastKnownFileType = folder.assetcatalog; path = Assets.xcassets; sourceTree = "<group>"; };
		4C6745462D1092B1007F23C2 /* Preview Assets.xcassets */ = {isa = PBXFileReference; lastKnownFileType = folder.assetcatalog; path = "Preview Assets.xcassets"; sourceTree = "<group>"; };
		4C6745482D1092B1007F23C2 /* Persistence.swift */ = {isa = PBXFileReference; lastKnownFileType = sourcecode.swift; path = Persistence.swift; sourceTree = "<group>"; };
		4C67454B2D1092B1007F23C2 /* WeatherDemo.xcdatamodel */ = {isa = PBXFileReference; lastKnownFileType = wrapper.xcdatamodel; path = WeatherDemo.xcdatamodel; sourceTree = "<group>"; };
		4C6745532D109E51007F23C2 /* WeatherViewController.swift */ = {isa = PBXFileReference; lastKnownFileType = sourcecode.swift; path = WeatherViewController.swift; sourceTree = "<group>"; };
		4C6745552D10A1A2007F23C2 /* WeatherView.swift */ = {isa = PBXFileReference; lastKnownFileType = sourcecode.swift; path = WeatherView.swift; sourceTree = "<group>"; };
		4C6745572D10A2D2007F23C2 /* LocationManager.swift */ = {isa = PBXFileReference; lastKnownFileType = sourcecode.swift; path = LocationManager.swift; sourceTree = "<group>"; };
		4C67455B2D10A7EB007F23C2 /* WeatherForecast.swift */ = {isa = PBXFileReference; lastKnownFileType = sourcecode.swift; path = WeatherForecast.swift; sourceTree = "<group>"; };
		4C67455D2D10AFD5007F23C2 /* WeatherViewModel.swift */ = {isa = PBXFileReference; lastKnownFileType = sourcecode.swift; path = WeatherViewModel.swift; sourceTree = "<group>"; };
		4CE0C8032D10D45C00A8BEF2 /* ExtendedForecast.swift */ = {isa = PBXFileReference; lastKnownFileType = sourcecode.swift; path = ExtendedForecast.swift; sourceTree = "<group>"; };
		4CE0C8062D11E2D300A8BEF2 /* Card.swift */ = {isa = PBXFileReference; lastKnownFileType = sourcecode.swift; path = Card.swift; sourceTree = "<group>"; };
		4CE0C8082D11E31200A8BEF2 /* CardView.swift */ = {isa = PBXFileReference; lastKnownFileType = sourcecode.swift; path = CardView.swift; sourceTree = "<group>"; };
		4CE0C80A2D12193500A8BEF2 /* Header.swift */ = {isa = PBXFileReference; lastKnownFileType = sourcecode.swift; path = Header.swift; sourceTree = "<group>"; };
		4CE0C80C2D12816E00A8BEF2 /* HeaderView.swift */ = {isa = PBXFileReference; lastKnownFileType = sourcecode.swift; path = HeaderView.swift; sourceTree = "<group>"; };
		4CE0C80E2D130BBE00A8BEF2 /* UIBlurView.swift */ = {isa = PBXFileReference; lastKnownFileType = sourcecode.swift; path = UIBlurView.swift; sourceTree = "<group>"; };
		4CE0C8102D13191B00A8BEF2 /* MessageCardView.swift */ = {isa = PBXFileReference; lastKnownFileType = sourcecode.swift; path = MessageCardView.swift; sourceTree = "<group>"; };
		4CE0C8122D13194C00A8BEF2 /* MessageCard.swift */ = {isa = PBXFileReference; lastKnownFileType = sourcecode.swift; path = MessageCard.swift; sourceTree = "<group>"; };
		4CFA08B82D134D7800B9CC68 /* Info.plist */ = {isa = PBXFileReference; lastKnownFileType = text.plist; path = Info.plist; sourceTree = "<group>"; };
		F11CC241D569FA441105B73F /* Pods-WeatherDemo.release.xcconfig */ = {isa = PBXFileReference; includeInIndex = 1; lastKnownFileType = text.xcconfig; name = "Pods-WeatherDemo.release.xcconfig"; path = "Target Support Files/Pods-WeatherDemo/Pods-WeatherDemo.release.xcconfig"; sourceTree = "<group>"; };
/* End PBXFileReference section */

/* Begin PBXFrameworksBuildPhase section */
		4C6745392D1092B0007F23C2 /* Frameworks */ = {
			isa = PBXFrameworksBuildPhase;
			buildActionMask = 2147483647;
			files = (
			);
			runOnlyForDeploymentPostprocessing = 0;
		};
/* End PBXFrameworksBuildPhase section */

/* Begin PBXGroup section */
		4C6745332D1092AF007F23C2 = {
			isa = PBXGroup;
			children = (
				4C67453E2D1092B0007F23C2 /* WeatherDemo */,
				4C67453D2D1092B0007F23C2 /* Products */,
				E41CC18BEB7B20CDE3D40E64 /* Pods */,
			);
			sourceTree = "<group>";
		};
		4C67453D2D1092B0007F23C2 /* Products */ = {
			isa = PBXGroup;
			children = (
				4C67453C2D1092B0007F23C2 /* WeatherDemo.app */,
			);
			name = Products;
			sourceTree = "<group>";
		};
		4C67453E2D1092B0007F23C2 /* WeatherDemo */ = {
			isa = PBXGroup;
			children = (
				4CFA08B82D134D7800B9CC68 /* Info.plist */,
				4C67454A2D1092B1007F23C2 /* WeatherDemo.xcdatamodeld */,
				4C6745432D1092B1007F23C2 /* Assets.xcassets */,
				4CE0C8052D11E2C000A8BEF2 /* Views */,
				4C67453F2D1092B0007F23C2 /* WeatherDemoApp.swift */,
				4C6745532D109E51007F23C2 /* WeatherViewController.swift */,
				4C67455D2D10AFD5007F23C2 /* WeatherViewModel.swift */,
				4C6745572D10A2D2007F23C2 /* LocationManager.swift */,
				4C67455B2D10A7EB007F23C2 /* WeatherForecast.swift */,
				4CE0C8032D10D45C00A8BEF2 /* ExtendedForecast.swift */,
				4C6745452D1092B1007F23C2 /* Preview Content */,
			);
			path = WeatherDemo;
			sourceTree = "<group>";
		};
		4C6745452D1092B1007F23C2 /* Preview Content */ = {
			isa = PBXGroup;
			children = (
				4C6745412D1092B0007F23C2 /* ContentView.swift */,
				4C6745482D1092B1007F23C2 /* Persistence.swift */,
				4C6745462D1092B1007F23C2 /* Preview Assets.xcassets */,
			);
			path = "Preview Content";
			sourceTree = "<group>";
		};
		4CE0C8052D11E2C000A8BEF2 /* Views */ = {
			isa = PBXGroup;
			children = (
				4CE0C80E2D130BBE00A8BEF2 /* UIBlurView.swift */,
				4CE0C8062D11E2D300A8BEF2 /* Card.swift */,
				4CE0C8082D11E31200A8BEF2 /* CardView.swift */,
				4CE0C8122D13194C00A8BEF2 /* MessageCard.swift */,
				4CE0C8102D13191B00A8BEF2 /* MessageCardView.swift */,
				4CE0C80A2D12193500A8BEF2 /* Header.swift */,
				4CE0C80C2D12816E00A8BEF2 /* HeaderView.swift */,
				4C6745552D10A1A2007F23C2 /* WeatherView.swift */,
			);
			path = Views;
			sourceTree = "<group>";
		};
		E41CC18BEB7B20CDE3D40E64 /* Pods */ = {
			isa = PBXGroup;
			children = (
				3F1BBCD1838700C698B53B3B /* Pods-WeatherDemo.debug.xcconfig */,
				F11CC241D569FA441105B73F /* Pods-WeatherDemo.release.xcconfig */,
			);
			path = Pods;
			sourceTree = "<group>";
		};
/* End PBXGroup section */

/* Begin PBXNativeTarget section */
		4C67453B2D1092B0007F23C2 /* WeatherDemo */ = {
			isa = PBXNativeTarget;
			buildConfigurationList = 4C67454F2D1092B1007F23C2 /* Build configuration list for PBXNativeTarget "WeatherDemo" */;
			buildPhases = (
				05485070A4A5B95B7351AF35 /* [CP] Check Pods Manifest.lock */,
				4C6745382D1092B0007F23C2 /* Sources */,
				4C6745392D1092B0007F23C2 /* Frameworks */,
				4C67453A2D1092B0007F23C2 /* Resources */,
			);
			buildRules = (
			);
			dependencies = (
			);
			name = WeatherDemo;
			packageProductDependencies = (
			);
			productName = WeatherDemo;
			productReference = 4C67453C2D1092B0007F23C2 /* WeatherDemo.app */;
			productType = "com.apple.product-type.application";
		};
/* End PBXNativeTarget section */

/* Begin PBXProject section */
		4C6745342D1092AF007F23C2 /* Project object */ = {
			isa = PBXProject;
			attributes = {
				BuildIndependentTargetsInParallel = 1;
				LastSwiftUpdateCheck = 1540;
				LastUpgradeCheck = 1540;
				TargetAttributes = {
					4C67453B2D1092B0007F23C2 = {
						CreatedOnToolsVersion = 15.4;
					};
				};
			};
			buildConfigurationList = 4C6745372D1092AF007F23C2 /* Build configuration list for PBXProject "WeatherDemo" */;
			compatibilityVersion = "Xcode 14.0";
			developmentRegion = en;
			hasScannedForEncodings = 0;
			knownRegions = (
				en,
				Base,
			);
			mainGroup = 4C6745332D1092AF007F23C2;
			packageReferences = (
			);
			productRefGroup = 4C67453D2D1092B0007F23C2 /* Products */;
			projectDirPath = "";
			projectRoot = "";
			targets = (
				4C67453B2D1092B0007F23C2 /* WeatherDemo */,
			);
		};
/* End PBXProject section */

/* Begin PBXResourcesBuildPhase section */
		4C67453A2D1092B0007F23C2 /* Resources */ = {
			isa = PBXResourcesBuildPhase;
			buildActionMask = 2147483647;
			files = (
				4C6745472D1092B1007F23C2 /* Preview Assets.xcassets in Resources */,
				4C6745442D1092B1007F23C2 /* Assets.xcassets in Resources */,
			);
			runOnlyForDeploymentPostprocessing = 0;
		};
/* End PBXResourcesBuildPhase section */

/* Begin PBXShellScriptBuildPhase section */
		05485070A4A5B95B7351AF35 /* [CP] Check Pods Manifest.lock */ = {
			isa = PBXShellScriptBuildPhase;
			buildActionMask = 2147483647;
			files = (
			);
			inputFileListPaths = (
			);
			inputPaths = (
				"${PODS_PODFILE_DIR_PATH}/Podfile.lock",
				"${PODS_ROOT}/Manifest.lock",
			);
			name = "[CP] Check Pods Manifest.lock";
			outputFileListPaths = (
			);
			outputPaths = (
				"$(DERIVED_FILE_DIR)/Pods-WeatherDemo-checkManifestLockResult.txt",
			);
			runOnlyForDeploymentPostprocessing = 0;
			shellPath = /bin/sh;
			shellScript = "diff \"${PODS_PODFILE_DIR_PATH}/Podfile.lock\" \"${PODS_ROOT}/Manifest.lock\" > /dev/null\nif [ $? != 0 ] ; then\n    # print error to STDERR\n    echo \"error: The sandbox is not in sync with the Podfile.lock. Run 'pod install' or update your CocoaPods installation.\" >&2\n    exit 1\nfi\n# This output is used by Xcode 'outputs' to avoid re-running this script phase.\necho \"SUCCESS\" > \"${SCRIPT_OUTPUT_FILE_0}\"\n";
			showEnvVarsInLog = 0;
		};
/* End PBXShellScriptBuildPhase section */

/* Begin PBXSourcesBuildPhase section */
		4C6745382D1092B0007F23C2 /* Sources */ = {
			isa = PBXSourcesBuildPhase;
			buildActionMask = 2147483647;
			files = (
				4CE0C80F2D130BBE00A8BEF2 /* UIBlurView.swift in Sources */,
				4C6745492D1092B1007F23C2 /* Persistence.swift in Sources */,
				4CE0C80B2D12193500A8BEF2 /* Header.swift in Sources */,
				4CE0C8132D13194C00A8BEF2 /* MessageCard.swift in Sources */,
				4C67455E2D10AFD5007F23C2 /* WeatherViewModel.swift in Sources */,
				4C6745542D109E51007F23C2 /* WeatherViewController.swift in Sources */,
				4C67454C2D1092B1007F23C2 /* WeatherDemo.xcdatamodeld in Sources */,
				4C6745582D10A2D2007F23C2 /* LocationManager.swift in Sources */,
				4CE0C8042D10D45C00A8BEF2 /* ExtendedForecast.swift in Sources */,
				4C6745562D10A1A2007F23C2 /* WeatherView.swift in Sources */,
				4C6745422D1092B0007F23C2 /* ContentView.swift in Sources */,
				4CE0C8112D13191B00A8BEF2 /* MessageCardView.swift in Sources */,
				4C6745402D1092B0007F23C2 /* WeatherDemoApp.swift in Sources */,
				4C67455C2D10A7EB007F23C2 /* WeatherForecast.swift in Sources */,
				4CE0C8092D11E31200A8BEF2 /* CardView.swift in Sources */,
				4CE0C8072D11E2D300A8BEF2 /* Card.swift in Sources */,
				4CE0C80D2D12816E00A8BEF2 /* HeaderView.swift in Sources */,
			);
			runOnlyForDeploymentPostprocessing = 0;
		};
/* End PBXSourcesBuildPhase section */

/* Begin XCBuildConfiguration section */
		4C67454D2D1092B1007F23C2 /* Debug */ = {
			isa = XCBuildConfiguration;
			buildSettings = {
				ALWAYS_SEARCH_USER_PATHS = NO;
				ASSETCATALOG_COMPILER_GENERATE_SWIFT_ASSET_SYMBOL_EXTENSIONS = YES;
				CLANG_ANALYZER_NONNULL = YES;
				CLANG_ANALYZER_NUMBER_OBJECT_CONVERSION = YES_AGGRESSIVE;
				CLANG_CXX_LANGUAGE_STANDARD = "gnu++20";
				CLANG_ENABLE_MODULES = YES;
				CLANG_ENABLE_OBJC_ARC = YES;
				CLANG_ENABLE_OBJC_WEAK = YES;
				CLANG_WARN_BLOCK_CAPTURE_AUTORELEASING = YES;
				CLANG_WARN_BOOL_CONVERSION = YES;
				CLANG_WARN_COMMA = YES;
				CLANG_WARN_CONSTANT_CONVERSION = YES;
				CLANG_WARN_DEPRECATED_OBJC_IMPLEMENTATIONS = YES;
				CLANG_WARN_DIRECT_OBJC_ISA_USAGE = YES_ERROR;
				CLANG_WARN_DOCUMENTATION_COMMENTS = YES;
				CLANG_WARN_EMPTY_BODY = YES;
				CLANG_WARN_ENUM_CONVERSION = YES;
				CLANG_WARN_INFINITE_RECURSION = YES;
				CLANG_WARN_INT_CONVERSION = YES;
				CLANG_WARN_NON_LITERAL_NULL_CONVERSION = YES;
				CLANG_WARN_OBJC_IMPLICIT_RETAIN_SELF = YES;
				CLANG_WARN_OBJC_LITERAL_CONVERSION = YES;
				CLANG_WARN_OBJC_ROOT_CLASS = YES_ERROR;
				CLANG_WARN_QUOTED_INCLUDE_IN_FRAMEWORK_HEADER = YES;
				CLANG_WARN_RANGE_LOOP_ANALYSIS = YES;
				CLANG_WARN_STRICT_PROTOTYPES = YES;
				CLANG_WARN_SUSPICIOUS_MOVE = YES;
				CLANG_WARN_UNGUARDED_AVAILABILITY = YES_AGGRESSIVE;
				CLANG_WARN_UNREACHABLE_CODE = YES;
				CLANG_WARN__DUPLICATE_METHOD_MATCH = YES;
				COPY_PHASE_STRIP = NO;
				DEBUG_INFORMATION_FORMAT = dwarf;
				ENABLE_STRICT_OBJC_MSGSEND = YES;
				ENABLE_TESTABILITY = YES;
				ENABLE_USER_SCRIPT_SANDBOXING = YES;
				GCC_C_LANGUAGE_STANDARD = gnu17;
				GCC_DYNAMIC_NO_PIC = NO;
				GCC_NO_COMMON_BLOCKS = YES;
				GCC_OPTIMIZATION_LEVEL = 0;
				GCC_PREPROCESSOR_DEFINITIONS = (
					"DEBUG=1",
					"$(inherited)",
				);
				GCC_WARN_64_TO_32_BIT_CONVERSION = YES;
				GCC_WARN_ABOUT_RETURN_TYPE = YES_ERROR;
				GCC_WARN_UNDECLARED_SELECTOR = YES;
				GCC_WARN_UNINITIALIZED_AUTOS = YES_AGGRESSIVE;
				GCC_WARN_UNUSED_FUNCTION = YES;
				GCC_WARN_UNUSED_VARIABLE = YES;
				IPHONEOS_DEPLOYMENT_TARGET = 17.5;
				LOCALIZATION_PREFERS_STRING_CATALOGS = YES;
				MTL_ENABLE_DEBUG_INFO = INCLUDE_SOURCE;
				MTL_FAST_MATH = YES;
				ONLY_ACTIVE_ARCH = YES;
				SDKROOT = iphoneos;
				SWIFT_ACTIVE_COMPILATION_CONDITIONS = "DEBUG $(inherited)";
				SWIFT_OPTIMIZATION_LEVEL = "-Onone";
			};
			name = Debug;
		};
		4C67454E2D1092B1007F23C2 /* Release */ = {
			isa = XCBuildConfiguration;
			buildSettings = {
				ALWAYS_SEARCH_USER_PATHS = NO;
				ASSETCATALOG_COMPILER_GENERATE_SWIFT_ASSET_SYMBOL_EXTENSIONS = YES;
				CLANG_ANALYZER_NONNULL = YES;
				CLANG_ANALYZER_NUMBER_OBJECT_CONVERSION = YES_AGGRESSIVE;
				CLANG_CXX_LANGUAGE_STANDARD = "gnu++20";
				CLANG_ENABLE_MODULES = YES;
				CLANG_ENABLE_OBJC_ARC = YES;
				CLANG_ENABLE_OBJC_WEAK = YES;
				CLANG_WARN_BLOCK_CAPTURE_AUTORELEASING = YES;
				CLANG_WARN_BOOL_CONVERSION = YES;
				CLANG_WARN_COMMA = YES;
				CLANG_WARN_CONSTANT_CONVERSION = YES;
				CLANG_WARN_DEPRECATED_OBJC_IMPLEMENTATIONS = YES;
				CLANG_WARN_DIRECT_OBJC_ISA_USAGE = YES_ERROR;
				CLANG_WARN_DOCUMENTATION_COMMENTS = YES;
				CLANG_WARN_EMPTY_BODY = YES;
				CLANG_WARN_ENUM_CONVERSION = YES;
				CLANG_WARN_INFINITE_RECURSION = YES;
				CLANG_WARN_INT_CONVERSION = YES;
				CLANG_WARN_NON_LITERAL_NULL_CONVERSION = YES;
				CLANG_WARN_OBJC_IMPLICIT_RETAIN_SELF = YES;
				CLANG_WARN_OBJC_LITERAL_CONVERSION = YES;
				CLANG_WARN_OBJC_ROOT_CLASS = YES_ERROR;
				CLANG_WARN_QUOTED_INCLUDE_IN_FRAMEWORK_HEADER = YES;
				CLANG_WARN_RANGE_LOOP_ANALYSIS = YES;
				CLANG_WARN_STRICT_PROTOTYPES = YES;
				CLANG_WARN_SUSPICIOUS_MOVE = YES;
				CLANG_WARN_UNGUARDED_AVAILABILITY = YES_AGGRESSIVE;
				CLANG_WARN_UNREACHABLE_CODE = YES;
				CLANG_WARN__DUPLICATE_METHOD_MATCH = YES;
				COPY_PHASE_STRIP = NO;
				DEBUG_INFORMATION_FORMAT = "dwarf-with-dsym";
				ENABLE_NS_ASSERTIONS = NO;
				ENABLE_STRICT_OBJC_MSGSEND = YES;
				ENABLE_USER_SCRIPT_SANDBOXING = YES;
				GCC_C_LANGUAGE_STANDARD = gnu17;
				GCC_NO_COMMON_BLOCKS = YES;
				GCC_WARN_64_TO_32_BIT_CONVERSION = YES;
				GCC_WARN_ABOUT_RETURN_TYPE = YES_ERROR;
				GCC_WARN_UNDECLARED_SELECTOR = YES;
				GCC_WARN_UNINITIALIZED_AUTOS = YES_AGGRESSIVE;
				GCC_WARN_UNUSED_FUNCTION = YES;
				GCC_WARN_UNUSED_VARIABLE = YES;
				IPHONEOS_DEPLOYMENT_TARGET = 17.5;
				LOCALIZATION_PREFERS_STRING_CATALOGS = YES;
				MTL_ENABLE_DEBUG_INFO = NO;
				MTL_FAST_MATH = YES;
				SDKROOT = iphoneos;
				SWIFT_COMPILATION_MODE = wholemodule;
				VALIDATE_PRODUCT = YES;
			};
			name = Release;
		};
		4C6745502D1092B1007F23C2 /* Debug */ = {
			isa = XCBuildConfiguration;
			baseConfigurationReference = 3F1BBCD1838700C698B53B3B /* Pods-WeatherDemo.debug.xcconfig */;
			buildSettings = {
				ASSETCATALOG_COMPILER_APPICON_NAME = AppIcon;
				ASSETCATALOG_COMPILER_GLOBAL_ACCENT_COLOR_NAME = AccentColor;
				CODE_SIGN_STYLE = Automatic;
				CURRENT_PROJECT_VERSION = 1;
				DEVELOPMENT_ASSET_PATHS = "\"WeatherDemo/Preview Content\"";
				DEVELOPMENT_TEAM = DNN6M3KZ4N;
				ENABLE_PREVIEWS = YES;
				GENERATE_INFOPLIST_FILE = YES;
				INFOPLIST_FILE = WeatherDemo/Info.plist;
				INFOPLIST_KEY_NSLocationWhenInUseUsageDescription = "We use your location to provide accurate weather forecasts.";
				INFOPLIST_KEY_UIApplicationSceneManifest_Generation = YES;
				INFOPLIST_KEY_UIApplicationSupportsIndirectInputEvents = YES;
				INFOPLIST_KEY_UISupportedInterfaceOrientations_iPad = "UIInterfaceOrientationPortrait UIInterfaceOrientationPortraitUpsideDown UIInterfaceOrientationLandscapeLeft UIInterfaceOrientationLandscapeRight";
				INFOPLIST_KEY_UISupportedInterfaceOrientations_iPhone = UIInterfaceOrientationPortrait;
				LD_RUNPATH_SEARCH_PATHS = (
					"$(inherited)",
					"@executable_path/Frameworks",
				);
				MARKETING_VERSION = 1.0;
				PRODUCT_BUNDLE_IDENTIFIER = Sub124.WeatherDemoo;
				PRODUCT_NAME = "$(TARGET_NAME)";
				SWIFT_EMIT_LOC_STRINGS = YES;
				SWIFT_VERSION = 5.0;
				TARGETED_DEVICE_FAMILY = "1,2";
			};
			name = Debug;
		};
		4C6745512D1092B1007F23C2 /* Release */ = {
			isa = XCBuildConfiguration;
			baseConfigurationReference = F11CC241D569FA441105B73F /* Pods-WeatherDemo.release.xcconfig */;
			buildSettings = {
				ASSETCATALOG_COMPILER_APPICON_NAME = AppIcon;
				ASSETCATALOG_COMPILER_GLOBAL_ACCENT_COLOR_NAME = AccentColor;
				CODE_SIGN_STYLE = Automatic;
				CURRENT_PROJECT_VERSION = 1;
				DEVELOPMENT_ASSET_PATHS = "\"WeatherDemo/Preview Content\"";
				DEVELOPMENT_TEAM = DNN6M3KZ4N;
				ENABLE_PREVIEWS = YES;
				GENERATE_INFOPLIST_FILE = YES;
				INFOPLIST_FILE = WeatherDemo/Info.plist;
				INFOPLIST_KEY_NSLocationWhenInUseUsageDescription = "We use your location to provide accurate weather forecasts.";
				INFOPLIST_KEY_UIApplicationSceneManifest_Generation = YES;
				INFOPLIST_KEY_UIApplicationSupportsIndirectInputEvents = YES;
				INFOPLIST_KEY_UISupportedInterfaceOrientations_iPad = "UIInterfaceOrientationPortrait UIInterfaceOrientationPortraitUpsideDown UIInterfaceOrientationLandscapeLeft UIInterfaceOrientationLandscapeRight";
				INFOPLIST_KEY_UISupportedInterfaceOrientations_iPhone = UIInterfaceOrientationPortrait;
				LD_RUNPATH_SEARCH_PATHS = (
					"$(inherited)",
					"@executable_path/Frameworks",
				);
				MARKETING_VERSION = 1.0;
				PRODUCT_BUNDLE_IDENTIFIER = Sub124.WeatherDemoo;
				PRODUCT_NAME = "$(TARGET_NAME)";
				SWIFT_EMIT_LOC_STRINGS = YES;
				SWIFT_VERSION = 5.0;
				TARGETED_DEVICE_FAMILY = "1,2";
			};
			name = Release;
		};
/* End XCBuildConfiguration section */

/* Begin XCConfigurationList section */
		4C6745372D1092AF007F23C2 /* Build configuration list for PBXProject "WeatherDemo" */ = {
			isa = XCConfigurationList;
			buildConfigurations = (
				4C67454D2D1092B1007F23C2 /* Debug */,
				4C67454E2D1092B1007F23C2 /* Release */,
			);
			defaultConfigurationIsVisible = 0;
			defaultConfigurationName = Release;
		};
		4C67454F2D1092B1007F23C2 /* Build configuration list for PBXNativeTarget "WeatherDemo" */ = {
			isa = XCConfigurationList;
			buildConfigurations = (
				4C6745502D1092B1007F23C2 /* Debug */,
				4C6745512D1092B1007F23C2 /* Release */,
			);
			defaultConfigurationIsVisible = 0;
			defaultConfigurationName = Release;
		};
/* End XCConfigurationList section */

/* Begin XCVersionGroup section */
		4C67454A2D1092B1007F23C2 /* WeatherDemo.xcdatamodeld */ = {
			isa = XCVersionGroup;
			children = (
				4C67454B2D1092B1007F23C2 /* WeatherDemo.xcdatamodel */,
			);
			currentVersion = 4C67454B2D1092B1007F23C2 /* WeatherDemo.xcdatamodel */;
			path = WeatherDemo.xcdatamodeld;
			sourceTree = "<group>";
			versionGroupType = wrapper.xcdatamodel;
		};
/* End XCVersionGroup section */
	};
	rootObject = 4C6745342D1092AF007F23C2 /* Project object */;
}
